
Microsoft Visual Studio Solution File, Format Version 12.00
# Visual Studio Version 16
VisualStudioVersion = 16.0.31205.134
MinimumVisualStudioVersion = 10.0.40219.1
Project("{FAE04EC0-301F-11D3-BF4B-00C04F79EFBC}") = "SalesWebMvc", "SalesWebMvc\SalesWebMvc.csproj", "{E3708209-0ACF-4052-ACBD-A1E17773A695}"
EndProject
Global
	GlobalSection(SolutionConfigurationPlatforms) = preSolution
		Debug|Any CPU = Debug|Any CPU
		Release|Any CPU = Release|Any CPU
	EndGlobalSection
	GlobalSection(ProjectConfigurationPlatforms) = postSolution
		{E3708209-0ACF-4052-ACBD-A1E17773A695}.Debug|Any CPU.ActiveCfg = Debug|Any CPU
		{E3708209-0ACF-4052-ACBD-A1E17773A695}.Debug|Any CPU.Build.0 = Debug|Any CPU
		{E3708209-0ACF-4052-ACBD-A1E17773A695}.Release|Any CPU.ActiveCfg = Release|Any CPU
		{E3708209-0ACF-4052-ACBD-A1E17773A695}.Release|Any CPU.Build.0 = Release|Any CPU
	EndGlobalSection
	GlobalSection(SolutionProperties) = preSolution
		HideSolutionNode = FALSE
	EndGlobalSection
	GlobalSection(ExtensibilityGlobals) = postSolution
		SolutionGuid = {0D3002A6-E920-4766-86E3-529999201A78}
	EndGlobalSection
EndGlobal
